
Microsoft Visual Studio Solution File, Format Version 12.00
# Visual Studio Version 17
VisualStudioVersion = 17.3.32825.248
MinimumVisualStudioVersion = 10.0.40219.1
Project("{FAE04EC0-301F-11D3-BF4B-00C04F79EFBC}") = "ToDoApp.API", "ToDo.API\ToDoApp.API.csproj", "{4910EB9A-43E1-4AC0-8863-675B4355584E}"
EndProject
Project("{2150E333-8FDC-42A3-9474-1A3956D46DE8}") = "Presentation", "Presentation", "{26075BB1-F4B4-4A95-8E1B-BC03D3EE7F8C}"
EndProject
Project("{2150E333-8FDC-42A3-9474-1A3956D46DE8}") = "src", "src", "{3CA28DDC-9CB3-428C-93D2-7DFD0B10E191}"
EndProject
Project("{2150E333-8FDC-42A3-9474-1A3956D46DE8}") = "Core", "Core", "{049B020F-A4ED-4157-BA0E-5C92875BE246}"
EndProject
Project("{2150E333-8FDC-42A3-9474-1A3956D46DE8}") = "Infrastructure", "Infrastructure", "{1320091A-409D-4A3B-8AD0-3DBEBA553E10}"
EndProject
Project("{FAE04EC0-301F-11D3-BF4B-00C04F79EFBC}") = "ToDoApp.Application", "ToDo.Application\ToDoApp.Application.csproj", "{8A914072-8268-43CF-A7F3-C6C76CF387D4}"
EndProject
Project("{FAE04EC0-301F-11D3-BF4B-00C04F79EFBC}") = "ToDoApp.Domain", "ToDo.Domain\ToDoApp.Domain.csproj", "{C455B7DE-3199-4A9C-B45D-EC4050FC1402}"
EndProject
Project("{FAE04EC0-301F-11D3-BF4B-00C04F79EFBC}") = "ToDoApp.Infrastructure", "ToDO.Infrastructure\ToDoApp.Infrastructure.csproj", "{F10376BE-874D-4AFF-8B37-E0997A997F05}"
EndProject
Project("{FAE04EC0-301F-11D3-BF4B-00C04F79EFBC}") = "ToDoApp.Persistence", "ToDo.Persistence\ToDoApp.Persistence.csproj", "{52AD9F31-B624-46BE-A3E6-FBFD9DDA8119}"
EndProject
Global
	GlobalSection(SolutionConfigurationPlatforms) = preSolution
		Debug|Any CPU = Debug|Any CPU
		Release|Any CPU = Release|Any CPU
	EndGlobalSection
	GlobalSection(ProjectConfigurationPlatforms) = postSolution
		{4910EB9A-43E1-4AC0-8863-675B4355584E}.Debug|Any CPU.ActiveCfg = Debug|Any CPU
		{4910EB9A-43E1-4AC0-8863-675B4355584E}.Debug|Any CPU.Build.0 = Debug|Any CPU
		{4910EB9A-43E1-4AC0-8863-675B4355584E}.Release|Any CPU.ActiveCfg = Release|Any CPU
		{4910EB9A-43E1-4AC0-8863-675B4355584E}.Release|Any CPU.Build.0 = Release|Any CPU
		{8A914072-8268-43CF-A7F3-C6C76CF387D4}.Debug|Any CPU.ActiveCfg = Debug|Any CPU
		{8A914072-8268-43CF-A7F3-C6C76CF387D4}.Debug|Any CPU.Build.0 = Debug|Any CPU
		{8A914072-8268-43CF-A7F3-C6C76CF387D4}.Release|Any CPU.ActiveCfg = Release|Any CPU
		{8A914072-8268-43CF-A7F3-C6C76CF387D4}.Release|Any CPU.Build.0 = Release|Any CPU
		{C455B7DE-3199-4A9C-B45D-EC4050FC1402}.Debug|Any CPU.ActiveCfg = Debug|Any CPU
		{C455B7DE-3199-4A9C-B45D-EC4050FC1402}.Debug|Any CPU.Build.0 = Debug|Any CPU
		{C455B7DE-3199-4A9C-B45D-EC4050FC1402}.Release|Any CPU.ActiveCfg = Release|Any CPU
		{C455B7DE-3199-4A9C-B45D-EC4050FC1402}.Release|Any CPU.Build.0 = Release|Any CPU
		{F10376BE-874D-4AFF-8B37-E0997A997F05}.Debug|Any CPU.ActiveCfg = Debug|Any CPU
		{F10376BE-874D-4AFF-8B37-E0997A997F05}.Debug|Any CPU.Build.0 = Debug|Any CPU
		{F10376BE-874D-4AFF-8B37-E0997A997F05}.Release|Any CPU.ActiveCfg = Release|Any CPU
		{F10376BE-874D-4AFF-8B37-E0997A997F05}.Release|Any CPU.Build.0 = Release|Any CPU
		{52AD9F31-B624-46BE-A3E6-FBFD9DDA8119}.Debug|Any CPU.ActiveCfg = Debug|Any CPU
		{52AD9F31-B624-46BE-A3E6-FBFD9DDA8119}.Debug|Any CPU.Build.0 = Debug|Any CPU
		{52AD9F31-B624-46BE-A3E6-FBFD9DDA8119}.Release|Any CPU.ActiveCfg = Release|Any CPU
		{52AD9F31-B624-46BE-A3E6-FBFD9DDA8119}.Release|Any CPU.Build.0 = Release|Any CPU
	EndGlobalSection
	GlobalSection(SolutionProperties) = preSolution
		HideSolutionNode = FALSE
	EndGlobalSection
	GlobalSection(NestedProjects) = preSolution
		{4910EB9A-43E1-4AC0-8863-675B4355584E} = {26075BB1-F4B4-4A95-8E1B-BC03D3EE7F8C}
		{26075BB1-F4B4-4A95-8E1B-BC03D3EE7F8C} = {3CA28DDC-9CB3-428C-93D2-7DFD0B10E191}
		{049B020F-A4ED-4157-BA0E-5C92875BE246} = {3CA28DDC-9CB3-428C-93D2-7DFD0B10E191}
		{1320091A-409D-4A3B-8AD0-3DBEBA553E10} = {3CA28DDC-9CB3-428C-93D2-7DFD0B10E191}
		{8A914072-8268-43CF-A7F3-C6C76CF387D4} = {049B020F-A4ED-4157-BA0E-5C92875BE246}
		{C455B7DE-3199-4A9C-B45D-EC4050FC1402} = {049B020F-A4ED-4157-BA0E-5C92875BE246}
		{F10376BE-874D-4AFF-8B37-E0997A997F05} = {1320091A-409D-4A3B-8AD0-3DBEBA553E10}
		{52AD9F31-B624-46BE-A3E6-FBFD9DDA8119} = {1320091A-409D-4A3B-8AD0-3DBEBA553E10}
	EndGlobalSection
	GlobalSection(ExtensibilityGlobals) = postSolution
		SolutionGuid = {2C98C78E-A8DE-4537-981E-1D7F72FB8DAD}
	EndGlobalSection
EndGlobal
